
Microsoft Visual Studio Solution File, Format Version 12.00
# Visual Studio Version 16
VisualStudioVersion = 16.0.29509.3
MinimumVisualStudioVersion = 10.0.40219.1
Project("{FAE04EC0-301F-11D3-BF4B-00C04F79EFBC}") = "Silo", "Silo\Silo.csproj", "{C0B907AA-2F33-4195-AD2A-3F690F47CEC9}"
EndProject
Project("{FAE04EC0-301F-11D3-BF4B-00C04F79EFBC}") = "Client", "Client\Client.csproj", "{DE855148-78F9-4CA6-831E-E2BE472E6BE4}"
EndProject
Project("{FAE04EC0-301F-11D3-BF4B-00C04F79EFBC}") = "GrainsInterface", "GrainsInterface\GrainsInterface.csproj", "{603B5618-6898-463D-8D1F-7B265414BC8C}"
EndProject
Project("{FAE04EC0-301F-11D3-BF4B-00C04F79EFBC}") = "Grains", "Grains\Grains.csproj", "{93FD0E8D-8285-42EE-ADB0-320DA2A13E9B}"
EndProject
Global
	GlobalSection(SolutionConfigurationPlatforms) = preSolution
		Debug|Any CPU = Debug|Any CPU
		Release|Any CPU = Release|Any CPU
	EndGlobalSection
	GlobalSection(ProjectConfigurationPlatforms) = postSolution
		{C0B907AA-2F33-4195-AD2A-3F690F47CEC9}.Debug|Any CPU.ActiveCfg = Debug|Any CPU
		{C0B907AA-2F33-4195-AD2A-3F690F47CEC9}.Debug|Any CPU.Build.0 = Debug|Any CPU
		{C0B907AA-2F33-4195-AD2A-3F690F47CEC9}.Release|Any CPU.ActiveCfg = Release|Any CPU
		{C0B907AA-2F33-4195-AD2A-3F690F47CEC9}.Release|Any CPU.Build.0 = Release|Any CPU
		{DE855148-78F9-4CA6-831E-E2BE472E6BE4}.Debug|Any CPU.ActiveCfg = Debug|Any CPU
		{DE855148-78F9-4CA6-831E-E2BE472E6BE4}.Debug|Any CPU.Build.0 = Debug|Any CPU
		{DE855148-78F9-4CA6-831E-E2BE472E6BE4}.Release|Any CPU.ActiveCfg = Release|Any CPU
		{DE855148-78F9-4CA6-831E-E2BE472E6BE4}.Release|Any CPU.Build.0 = Release|Any CPU
		{603B5618-6898-463D-8D1F-7B265414BC8C}.Debug|Any CPU.ActiveCfg = Debug|Any CPU
		{603B5618-6898-463D-8D1F-7B265414BC8C}.Debug|Any CPU.Build.0 = Debug|Any CPU
		{603B5618-6898-463D-8D1F-7B265414BC8C}.Release|Any CPU.ActiveCfg = Release|Any CPU
		{603B5618-6898-463D-8D1F-7B265414BC8C}.Release|Any CPU.Build.0 = Release|Any CPU
		{93FD0E8D-8285-42EE-ADB0-320DA2A13E9B}.Debug|Any CPU.ActiveCfg = Debug|Any CPU
		{93FD0E8D-8285-42EE-ADB0-320DA2A13E9B}.Debug|Any CPU.Build.0 = Debug|Any CPU
		{93FD0E8D-8285-42EE-ADB0-320DA2A13E9B}.Release|Any CPU.ActiveCfg = Release|Any CPU
		{93FD0E8D-8285-42EE-ADB0-320DA2A13E9B}.Release|Any CPU.Build.0 = Release|Any CPU
	EndGlobalSection
	GlobalSection(SolutionProperties) = preSolution
		HideSolutionNode = FALSE
	EndGlobalSection
	GlobalSection(ExtensibilityGlobals) = postSolution
		SolutionGuid = {0C121D6D-4D06-4E70-A8A7-47E7C7D19991}
	EndGlobalSection
EndGlobal
